// !$*UTF8*$!
{
	archiveVersion = 1;
	classes = {
	};
	objectVersion = 50;
	objects = {

/* Begin PBXBuildFile section */
		142B2B682282A13A00576450 /* AppDelegate.swift in Sources */ = {isa = PBXBuildFile; fileRef = 142B2B672282A13A00576450 /* AppDelegate.swift */; };
		142B2B6D2282A13A00576450 /* Main.storyboard in Resources */ = {isa = PBXBuildFile; fileRef = 142B2B6B2282A13A00576450 /* Main.storyboard */; };
		142B2B6F2282A13B00576450 /* Assets.xcassets in Resources */ = {isa = PBXBuildFile; fileRef = 142B2B6E2282A13B00576450 /* Assets.xcassets */; };
		142B2B722282A13B00576450 /* LaunchScreen.storyboard in Resources */ = {isa = PBXBuildFile; fileRef = 142B2B702282A13B00576450 /* LaunchScreen.storyboard */; };
		142B2B7D2282A13C00576450 /* AQITests.swift in Sources */ = {isa = PBXBuildFile; fileRef = 142B2B7C2282A13C00576450 /* AQITests.swift */; };
		142B2B8A2282AE9100576450 /* AQITableViewCell.swift in Sources */ = {isa = PBXBuildFile; fileRef = 142B2B892282AE9100576450 /* AQITableViewCell.swift */; };
		142B2B8C2282B3F300576450 /* AQITableViewController.swift in Sources */ = {isa = PBXBuildFile; fileRef = 142B2B8B2282B3F300576450 /* AQITableViewController.swift */; };
		142B2B8F2282C15A00576450 /* AQI.swift in Sources */ = {isa = PBXBuildFile; fileRef = 142B2B8E2282C15A00576450 /* AQI.swift */; };
		EF7A687C70529EE8BA2A7653 /* Pods_AQI.framework in Frameworks */ = {isa = PBXBuildFile; fileRef = B622283EB502EC488AF0AC44 /* Pods_AQI.framework */; };
/* End PBXBuildFile section */

/* Begin PBXContainerItemProxy section */
		142B2B792282A13C00576450 /* PBXContainerItemProxy */ = {
			isa = PBXContainerItemProxy;
			containerPortal = 142B2B5C2282A13A00576450 /* Project object */;
			proxyType = 1;
			remoteGlobalIDString = 142B2B632282A13A00576450;
			remoteInfo = AQI;
		};
/* End PBXContainerItemProxy section */

/* Begin PBXFileReference section */
		142B2B642282A13A00576450 /* AQI.app */ = {isa = PBXFileReference; explicitFileType = wrapper.application; includeInIndex = 0; path = AQI.app; sourceTree = BUILT_PRODUCTS_DIR; };
		142B2B672282A13A00576450 /* AppDelegate.swift */ = {isa = PBXFileReference; lastKnownFileType = sourcecode.swift; path = AppDelegate.swift; sourceTree = "<group>"; };
		142B2B6C2282A13A00576450 /* Base */ = {isa = PBXFileReference; lastKnownFileType = file.storyboard; name = Base; path = Base.lproj/Main.storyboard; sourceTree = "<group>"; };
		142B2B6E2282A13B00576450 /* Assets.xcassets */ = {isa = PBXFileReference; lastKnownFileType = folder.assetcatalog; path = Assets.xcassets; sourceTree = "<group>"; };
		142B2B712282A13B00576450 /* Base */ = {isa = PBXFileReference; lastKnownFileType = file.storyboard; name = Base; path = Base.lproj/LaunchScreen.storyboard; sourceTree = "<group>"; };
		142B2B732282A13B00576450 /* Info.plist */ = {isa = PBXFileReference; lastKnownFileType = text.plist.xml; path = Info.plist; sourceTree = "<group>"; };
		142B2B782282A13C00576450 /* AQITests.xctest */ = {isa = PBXFileReference; explicitFileType = wrapper.cfbundle; includeInIndex = 0; path = AQITests.xctest; sourceTree = BUILT_PRODUCTS_DIR; };
		142B2B7C2282A13C00576450 /* AQITests.swift */ = {isa = PBXFileReference; lastKnownFileType = sourcecode.swift; path = AQITests.swift; sourceTree = "<group>"; };
		142B2B7E2282A13C00576450 /* Info.plist */ = {isa = PBXFileReference; lastKnownFileType = text.plist.xml; path = Info.plist; sourceTree = "<group>"; };
		142B2B892282AE9100576450 /* AQITableViewCell.swift */ = {isa = PBXFileReference; lastKnownFileType = sourcecode.swift; path = AQITableViewCell.swift; sourceTree = "<group>"; };
		142B2B8B2282B3F300576450 /* AQITableViewController.swift */ = {isa = PBXFileReference; lastKnownFileType = sourcecode.swift; path = AQITableViewController.swift; sourceTree = "<group>"; };
		142B2B8E2282C15A00576450 /* AQI.swift */ = {isa = PBXFileReference; lastKnownFileType = sourcecode.swift; path = AQI.swift; sourceTree = "<group>"; };
		7AC31F87D589887498DEE302 /* Pods-AQI.debug.xcconfig */ = {isa = PBXFileReference; includeInIndex = 1; lastKnownFileType = text.xcconfig; name = "Pods-AQI.debug.xcconfig"; path = "Target Support Files/Pods-AQI/Pods-AQI.debug.xcconfig"; sourceTree = "<group>"; };
		B622283EB502EC488AF0AC44 /* Pods_AQI.framework */ = {isa = PBXFileReference; explicitFileType = wrapper.framework; includeInIndex = 0; path = Pods_AQI.framework; sourceTree = BUILT_PRODUCTS_DIR; };
		EA8A26D01FF21669887E0B01 /* Pods-AQI.release.xcconfig */ = {isa = PBXFileReference; includeInIndex = 1; lastKnownFileType = text.xcconfig; name = "Pods-AQI.release.xcconfig"; path = "Target Support Files/Pods-AQI/Pods-AQI.release.xcconfig"; sourceTree = "<group>"; };
/* End PBXFileReference section */

/* Begin PBXFrameworksBuildPhase section */
		142B2B612282A13A00576450 /* Frameworks */ = {
			isa = PBXFrameworksBuildPhase;
			buildActionMask = 2147483647;
			files = (
				EF7A687C70529EE8BA2A7653 /* Pods_AQI.framework in Frameworks */,
			);
			runOnlyForDeploymentPostprocessing = 0;
		};
		142B2B752282A13C00576450 /* Frameworks */ = {
			isa = PBXFrameworksBuildPhase;
			buildActionMask = 2147483647;
			files = (
			);
			runOnlyForDeploymentPostprocessing = 0;
		};
/* End PBXFrameworksBuildPhase section */

/* Begin PBXGroup section */
		11F39E659FF2F9C5FF20A6CB /* Pods */ = {
			isa = PBXGroup;
			children = (
				7AC31F87D589887498DEE302 /* Pods-AQI.debug.xcconfig */,
				EA8A26D01FF21669887E0B01 /* Pods-AQI.release.xcconfig */,
			);
			path = Pods;
			sourceTree = "<group>";
		};
		142B2B5B2282A13A00576450 = {
			isa = PBXGroup;
			children = (
				142B2B662282A13A00576450 /* AQI */,
				142B2B7B2282A13C00576450 /* AQITests */,
				142B2B652282A13A00576450 /* Products */,
				11F39E659FF2F9C5FF20A6CB /* Pods */,
				53AF39E0ED2A257961C5D2E0 /* Frameworks */,
			);
			sourceTree = "<group>";
		};
		142B2B652282A13A00576450 /* Products */ = {
			isa = PBXGroup;
			children = (
				142B2B642282A13A00576450 /* AQI.app */,
				142B2B782282A13C00576450 /* AQITests.xctest */,
			);
			name = Products;
			sourceTree = "<group>";
		};
		142B2B662282A13A00576450 /* AQI */ = {
			isa = PBXGroup;
			children = (
				142B2B922282C96500576450 /* Network */,
				142B2B902282C4DE00576450 /* Controllers */,
				142B2B912282C4DE00576450 /* Views */,
				142B2B8D2282BD3B00576450 /* Models */,
				142B2B672282A13A00576450 /* AppDelegate.swift */,
				142B2B6B2282A13A00576450 /* Main.storyboard */,
				142B2B6E2282A13B00576450 /* Assets.xcassets */,
				142B2B702282A13B00576450 /* LaunchScreen.storyboard */,
				142B2B732282A13B00576450 /* Info.plist */,
			);
			path = AQI;
			sourceTree = "<group>";
		};
		142B2B7B2282A13C00576450 /* AQITests */ = {
			isa = PBXGroup;
			children = (
				142B2B7C2282A13C00576450 /* AQITests.swift */,
				142B2B7E2282A13C00576450 /* Info.plist */,
			);
			path = AQITests;
			sourceTree = "<group>";
		};
		142B2B8D2282BD3B00576450 /* Models */ = {
			isa = PBXGroup;
			children = (
				142B2B8E2282C15A00576450 /* AQI.swift */,
			);
			path = Models;
			sourceTree = "<group>";
		};
		142B2B902282C4DE00576450 /* Controllers */ = {
			isa = PBXGroup;
			children = (
				142B2B8B2282B3F300576450 /* AQITableViewController.swift */,
			);
			path = Controllers;
			sourceTree = "<group>";
		};
		142B2B912282C4DE00576450 /* Views */ = {
			isa = PBXGroup;
			children = (
				142B2B892282AE9100576450 /* AQITableViewCell.swift */,
			);
			path = Views;
			sourceTree = "<group>";
		};
		142B2B922282C96500576450 /* Network */ = {
			isa = PBXGroup;
			children = (
			);
			path = Network;
			sourceTree = "<group>";
		};
		53AF39E0ED2A257961C5D2E0 /* Frameworks */ = {
			isa = PBXGroup;
			children = (
				B622283EB502EC488AF0AC44 /* Pods_AQI.framework */,
			);
			name = Frameworks;
			sourceTree = "<group>";
		};
/* End PBXGroup section */

/* Begin PBXNativeTarget section */
		142B2B632282A13A00576450 /* AQI */ = {
			isa = PBXNativeTarget;
			buildConfigurationList = 142B2B812282A13C00576450 /* Build configuration list for PBXNativeTarget "AQI" */;
			buildPhases = (
				50B0946477CBC57E8D216536 /* [CP] Check Pods Manifest.lock */,
				142B2B602282A13A00576450 /* Sources */,
				142B2B612282A13A00576450 /* Frameworks */,
				142B2B622282A13A00576450 /* Resources */,
				496093D2EA8B7707477A647B /* [CP] Embed Pods Frameworks */,
			);
			buildRules = (
			);
			dependencies = (
			);
			name = AQI;
			productName = AQI;
			productReference = 142B2B642282A13A00576450 /* AQI.app */;
			productType = "com.apple.product-type.application";
		};
		142B2B772282A13C00576450 /* AQITests */ = {
			isa = PBXNativeTarget;
			buildConfigurationList = 142B2B842282A13C00576450 /* Build configuration list for PBXNativeTarget "AQITests" */;
			buildPhases = (
				142B2B742282A13C00576450 /* Sources */,
				142B2B752282A13C00576450 /* Frameworks */,
				142B2B762282A13C00576450 /* Resources */,
			);
			buildRules = (
			);
			dependencies = (
				142B2B7A2282A13C00576450 /* PBXTargetDependency */,
			);
			name = AQITests;
			productName = AQITests;
			productReference = 142B2B782282A13C00576450 /* AQITests.xctest */;
			productType = "com.apple.product-type.bundle.unit-test";
		};
/* End PBXNativeTarget section */

/* Begin PBXProject section */
		142B2B5C2282A13A00576450 /* Project object */ = {
			isa = PBXProject;
			attributes = {
				LastSwiftUpdateCheck = 1020;
				LastUpgradeCheck = 1020;
				ORGANIZATIONNAME = sean;
				TargetAttributes = {
					142B2B632282A13A00576450 = {
						CreatedOnToolsVersion = 10.2.1;
					};
					142B2B772282A13C00576450 = {
						CreatedOnToolsVersion = 10.2.1;
						TestTargetID = 142B2B632282A13A00576450;
					};
				};
			};
			buildConfigurationList = 142B2B5F2282A13A00576450 /* Build configuration list for PBXProject "AQI" */;
			compatibilityVersion = "Xcode 9.3";
			developmentRegion = en;
			hasScannedForEncodings = 0;
			knownRegions = (
				en,
				Base,
			);
			mainGroup = 142B2B5B2282A13A00576450;
			productRefGroup = 142B2B652282A13A00576450 /* Products */;
			projectDirPath = "";
			projectRoot = "";
			targets = (
				142B2B632282A13A00576450 /* AQI */,
				142B2B772282A13C00576450 /* AQITests */,
			);
		};
/* End PBXProject section */

/* Begin PBXResourcesBuildPhase section */
		142B2B622282A13A00576450 /* Resources */ = {
			isa = PBXResourcesBuildPhase;
			buildActionMask = 2147483647;
			files = (
				142B2B722282A13B00576450 /* LaunchScreen.storyboard in Resources */,
				142B2B6F2282A13B00576450 /* Assets.xcassets in Resources */,
				142B2B6D2282A13A00576450 /* Main.storyboard in Resources */,
			);
			runOnlyForDeploymentPostprocessing = 0;
		};
		142B2B762282A13C00576450 /* Resources */ = {
			isa = PBXResourcesBuildPhase;
			buildActionMask = 2147483647;
			files = (
			);
			runOnlyForDeploymentPostprocessing = 0;
		};
/* End PBXResourcesBuildPhase section */

/* Begin PBXShellScriptBuildPhase section */
		496093D2EA8B7707477A647B /* [CP] Embed Pods Frameworks */ = {
			isa = PBXShellScriptBuildPhase;
			buildActionMask = 2147483647;
			files = (
			);
			inputFileListPaths = (
			);
			inputPaths = (
				"${PODS_ROOT}/Target Support Files/Pods-AQI/Pods-AQI-frameworks.sh",
				"${BUILT_PRODUCTS_DIR}/Alamofire/Alamofire.framework",
				"${BUILT_PRODUCTS_DIR}/Realm/Realm.framework",
				"${BUILT_PRODUCTS_DIR}/RealmSwift/RealmSwift.framework",
			);
			name = "[CP] Embed Pods Frameworks";
			outputFileListPaths = (
			);
			outputPaths = (
				"${TARGET_BUILD_DIR}/${FRAMEWORKS_FOLDER_PATH}/Alamofire.framework",
				"${TARGET_BUILD_DIR}/${FRAMEWORKS_FOLDER_PATH}/Realm.framework",
				"${TARGET_BUILD_DIR}/${FRAMEWORKS_FOLDER_PATH}/RealmSwift.framework",
			);
			runOnlyForDeploymentPostprocessing = 0;
			shellPath = /bin/sh;
			shellScript = "\"${PODS_ROOT}/Target Support Files/Pods-AQI/Pods-AQI-frameworks.sh\"\n";
			showEnvVarsInLog = 0;
		};
		50B0946477CBC57E8D216536 /* [CP] Check Pods Manifest.lock */ = {
			isa = PBXShellScriptBuildPhase;
			buildActionMask = 2147483647;
			files = (
			);
			inputFileListPaths = (
			);
			inputPaths = (
				"${PODS_PODFILE_DIR_PATH}/Podfile.lock",
				"${PODS_ROOT}/Manifest.lock",
			);
			name = "[CP] Check Pods Manifest.lock";
			outputFileListPaths = (
			);
			outputPaths = (
				"$(DERIVED_FILE_DIR)/Pods-AQI-checkManifestLockResult.txt",
			);
			runOnlyForDeploymentPostprocessing = 0;
			shellPath = /bin/sh;
			shellScript = "diff \"${PODS_PODFILE_DIR_PATH}/Podfile.lock\" \"${PODS_ROOT}/Manifest.lock\" > /dev/null\nif [ $? != 0 ] ; then\n    # print error to STDERR\n    echo \"error: The sandbox is not in sync with the Podfile.lock. Run 'pod install' or update your CocoaPods installation.\" >&2\n    exit 1\nfi\n# This output is used by Xcode 'outputs' to avoid re-running this script phase.\necho \"SUCCESS\" > \"${SCRIPT_OUTPUT_FILE_0}\"\n";
			showEnvVarsInLog = 0;
		};
/* End PBXShellScriptBuildPhase section */

/* Begin PBXSourcesBuildPhase section */
		142B2B602282A13A00576450 /* Sources */ = {
			isa = PBXSourcesBuildPhase;
			buildActionMask = 2147483647;
			files = (
				142B2B8C2282B3F300576450 /* AQITableViewController.swift in Sources */,
				142B2B8A2282AE9100576450 /* AQITableViewCell.swift in Sources */,
				142B2B8F2282C15A00576450 /* AQI.swift in Sources */,
				142B2B682282A13A00576450 /* AppDelegate.swift in Sources */,
			);
			runOnlyForDeploymentPostprocessing = 0;
		};
		142B2B742282A13C00576450 /* Sources */ = {
			isa = PBXSourcesBuildPhase;
			buildActionMask = 2147483647;
			files = (
				142B2B7D2282A13C00576450 /* AQITests.swift in Sources */,
			);
			runOnlyForDeploymentPostprocessing = 0;
		};
/* End PBXSourcesBuildPhase section */

/* Begin PBXTargetDependency section */
		142B2B7A2282A13C00576450 /* PBXTargetDependency */ = {
			isa = PBXTargetDependency;
			target = 142B2B632282A13A00576450 /* AQI */;
			targetProxy = 142B2B792282A13C00576450 /* PBXContainerItemProxy */;
		};
/* End PBXTargetDependency section */

/* Begin PBXVariantGroup section */
		142B2B6B2282A13A00576450 /* Main.storyboard */ = {
			isa = PBXVariantGroup;
			children = (
				142B2B6C2282A13A00576450 /* Base */,
			);
			name = Main.storyboard;
			sourceTree = "<group>";
		};
		142B2B702282A13B00576450 /* LaunchScreen.storyboard */ = {
			isa = PBXVariantGroup;
			children = (
				142B2B712282A13B00576450 /* Base */,
			);
			name = LaunchScreen.storyboard;
			sourceTree = "<group>";
		};
/* End PBXVariantGroup section */

/* Begin XCBuildConfiguration section */
		142B2B7F2282A13C00576450 /* Debug */ = {
			isa = XCBuildConfiguration;
			buildSettings = {
				ALWAYS_SEARCH_USER_PATHS = NO;
				CLANG_ANALYZER_NONNULL = YES;
				CLANG_ANALYZER_NUMBER_OBJECT_CONVERSION = YES_AGGRESSIVE;
				CLANG_CXX_LANGUAGE_STANDARD = "gnu++14";
				CLANG_CXX_LIBRARY = "libc++";
				CLANG_ENABLE_MODULES = YES;
				CLANG_ENABLE_OBJC_ARC = YES;
				CLANG_ENABLE_OBJC_WEAK = YES;
				CLANG_WARN_BLOCK_CAPTURE_AUTORELEASING = YES;
				CLANG_WARN_BOOL_CONVERSION = YES;
				CLANG_WARN_COMMA = YES;
				CLANG_WARN_CONSTANT_CONVERSION = YES;
				CLANG_WARN_DEPRECATED_OBJC_IMPLEMENTATIONS = YES;
				CLANG_WARN_DIRECT_OBJC_ISA_USAGE = YES_ERROR;
				CLANG_WARN_DOCUMENTATION_COMMENTS = YES;
				CLANG_WARN_EMPTY_BODY = YES;
				CLANG_WARN_ENUM_CONVERSION = YES;
				CLANG_WARN_INFINITE_RECURSION = YES;
				CLANG_WARN_INT_CONVERSION = YES;
				CLANG_WARN_NON_LITERAL_NULL_CONVERSION = YES;
				CLANG_WARN_OBJC_IMPLICIT_RETAIN_SELF = YES;
				CLANG_WARN_OBJC_LITERAL_CONVERSION = YES;
				CLANG_WARN_OBJC_ROOT_CLASS = YES_ERROR;
				CLANG_WARN_RANGE_LOOP_ANALYSIS = YES;
				CLANG_WARN_STRICT_PROTOTYPES = YES;
				CLANG_WARN_SUSPICIOUS_MOVE = YES;
				CLANG_WARN_UNGUARDED_AVAILABILITY = YES_AGGRESSIVE;
				CLANG_WARN_UNREACHABLE_CODE = YES;
				CLANG_WARN__DUPLICATE_METHOD_MATCH = YES;
				CODE_SIGN_IDENTITY = "iPhone Developer";
				COPY_PHASE_STRIP = NO;
				DEBUG_INFORMATION_FORMAT = dwarf;
				ENABLE_STRICT_OBJC_MSGSEND = YES;
				ENABLE_TESTABILITY = YES;
				GCC_C_LANGUAGE_STANDARD = gnu11;
				GCC_DYNAMIC_NO_PIC = NO;
				GCC_NO_COMMON_BLOCKS = YES;
				GCC_OPTIMIZATION_LEVEL = 0;
				GCC_PREPROCESSOR_DEFINITIONS = (
					"DEBUG=1",
					"$(inherited)",
				);
				GCC_WARN_64_TO_32_BIT_CONVERSION = YES;
				GCC_WARN_ABOUT_RETURN_TYPE = YES_ERROR;
				GCC_WARN_UNDECLARED_SELECTOR = YES;
				GCC_WARN_UNINITIALIZED_AUTOS = YES_AGGRESSIVE;
				GCC_WARN_UNUSED_FUNCTION = YES;
				GCC_WARN_UNUSED_VARIABLE = YES;
				IPHONEOS_DEPLOYMENT_TARGET = 12.2;
				MTL_ENABLE_DEBUG_INFO = INCLUDE_SOURCE;
				MTL_FAST_MATH = YES;
				ONLY_ACTIVE_ARCH = YES;
				SDKROOT = iphoneos;
				SWIFT_ACTIVE_COMPILATION_CONDITIONS = DEBUG;
				SWIFT_OPTIMIZATION_LEVEL = "-Onone";
			};
			name = Debug;
		};
		142B2B802282A13C00576450 /* Release */ = {
			isa = XCBuildConfiguration;
			buildSettings = {
				ALWAYS_SEARCH_USER_PATHS = NO;
				CLANG_ANALYZER_NONNULL = YES;
				CLANG_ANALYZER_NUMBER_OBJECT_CONVERSION = YES_AGGRESSIVE;
				CLANG_CXX_LANGUAGE_STANDARD = "gnu++14";
				CLANG_CXX_LIBRARY = "libc++";
				CLANG_ENABLE_MODULES = YES;
				CLANG_ENABLE_OBJC_ARC = YES;
				CLANG_ENABLE_OBJC_WEAK = YES;
				CLANG_WARN_BLOCK_CAPTURE_AUTORELEASING = YES;
				CLANG_WARN_BOOL_CONVERSION = YES;
				CLANG_WARN_COMMA = YES;
				CLANG_WARN_CONSTANT_CONVERSION = YES;
				CLANG_WARN_DEPRECATED_OBJC_IMPLEMENTATIONS = YES;
				CLANG_WARN_DIRECT_OBJC_ISA_USAGE = YES_ERROR;
				CLANG_WARN_DOCUMENTATION_COMMENTS = YES;
				CLANG_WARN_EMPTY_BODY = YES;
				CLANG_WARN_ENUM_CONVERSION = YES;
				CLANG_WARN_INFINITE_RECURSION = YES;
				CLANG_WARN_INT_CONVERSION = YES;
				CLANG_WARN_NON_LITERAL_NULL_CONVERSION = YES;
				CLANG_WARN_OBJC_IMPLICIT_RETAIN_SELF = YES;
				CLANG_WARN_OBJC_LITERAL_CONVERSION = YES;
				CLANG_WARN_OBJC_ROOT_CLASS = YES_ERROR;
				CLANG_WARN_RANGE_LOOP_ANALYSIS = YES;
				CLANG_WARN_STRICT_PROTOTYPES = YES;
				CLANG_WARN_SUSPICIOUS_MOVE = YES;
				CLANG_WARN_UNGUARDED_AVAILABILITY = YES_AGGRESSIVE;
				CLANG_WARN_UNREACHABLE_CODE = YES;
				CLANG_WARN__DUPLICATE_METHOD_MATCH = YES;
				CODE_SIGN_IDENTITY = "iPhone Developer";
				COPY_PHASE_STRIP = NO;
				DEBUG_INFORMATION_FORMAT = "dwarf-with-dsym";
				ENABLE_NS_ASSERTIONS = NO;
				ENABLE_STRICT_OBJC_MSGSEND = YES;
				GCC_C_LANGUAGE_STANDARD = gnu11;
				GCC_NO_COMMON_BLOCKS = YES;
				GCC_WARN_64_TO_32_BIT_CONVERSION = YES;
				GCC_WARN_ABOUT_RETURN_TYPE = YES_ERROR;
				GCC_WARN_UNDECLARED_SELECTOR = YES;
				GCC_WARN_UNINITIALIZED_AUTOS = YES_AGGRESSIVE;
				GCC_WARN_UNUSED_FUNCTION = YES;
				GCC_WARN_UNUSED_VARIABLE = YES;
				IPHONEOS_DEPLOYMENT_TARGET = 12.2;
				MTL_ENABLE_DEBUG_INFO = NO;
				MTL_FAST_MATH = YES;
				SDKROOT = iphoneos;
				SWIFT_COMPILATION_MODE = wholemodule;
				SWIFT_OPTIMIZATION_LEVEL = "-O";
				VALIDATE_PRODUCT = YES;
			};
			name = Release;
		};
		142B2B822282A13C00576450 /* Debug */ = {
			isa = XCBuildConfiguration;
			baseConfigurationReference = 7AC31F87D589887498DEE302 /* Pods-AQI.debug.xcconfig */;
			buildSettings = {
				ASSETCATALOG_COMPILER_APPICON_NAME = AppIcon;
				CODE_SIGN_STYLE = Automatic;
				INFOPLIST_FILE = AQI/Info.plist;
				LD_RUNPATH_SEARCH_PATHS = (
					"$(inherited)",
					"@executable_path/Frameworks",
				);
				PRODUCT_BUNDLE_IDENTIFIER = sean.AQI;
				PRODUCT_NAME = "$(TARGET_NAME)";
				SWIFT_VERSION = 5.0;
				TARGETED_DEVICE_FAMILY = "1,2";
			};
			name = Debug;
		};
		142B2B832282A13C00576450 /* Release */ = {
			isa = XCBuildConfiguration;
			baseConfigurationReference = EA8A26D01FF21669887E0B01 /* Pods-AQI.release.xcconfig */;
			buildSettings = {
				ASSETCATALOG_COMPILER_APPICON_NAME = AppIcon;
				CODE_SIGN_STYLE = Automatic;
				INFOPLIST_FILE = AQI/Info.plist;
				LD_RUNPATH_SEARCH_PATHS = (
					"$(inherited)",
					"@executable_path/Frameworks",
				);
				PRODUCT_BUNDLE_IDENTIFIER = sean.AQI;
				PRODUCT_NAME = "$(TARGET_NAME)";
				SWIFT_VERSION = 5.0;
				TARGETED_DEVICE_FAMILY = "1,2";
			};
			name = Release;
		};
		142B2B852282A13C00576450 /* Debug */ = {
			isa = XCBuildConfiguration;
			buildSettings = {
				ALWAYS_EMBED_SWIFT_STANDARD_LIBRARIES = YES;
				BUNDLE_LOADER = "$(TEST_HOST)";
				CODE_SIGN_STYLE = Automatic;
				INFOPLIST_FILE = AQITests/Info.plist;
				LD_RUNPATH_SEARCH_PATHS = (
					"$(inherited)",
					"@executable_path/Frameworks",
					"@loader_path/Frameworks",
				);
				PRODUCT_BUNDLE_IDENTIFIER = sean.AQITests;
				PRODUCT_NAME = "$(TARGET_NAME)";
				SWIFT_VERSION = 5.0;
				TARGETED_DEVICE_FAMILY = "1,2";
				TEST_HOST = "$(BUILT_PRODUCTS_DIR)/AQI.app/AQI";
			};
			name = Debug;
		};
		142B2B862282A13C00576450 /* Release */ = {
			isa = XCBuildConfiguration;
			buildSettings = {
				ALWAYS_EMBED_SWIFT_STANDARD_LIBRARIES = YES;
				BUNDLE_LOADER = "$(TEST_HOST)";
				CODE_SIGN_STYLE = Automatic;
				INFOPLIST_FILE = AQITests/Info.plist;
				LD_RUNPATH_SEARCH_PATHS = (
					"$(inherited)",
					"@executable_path/Frameworks",
					"@loader_path/Frameworks",
				);
				PRODUCT_BUNDLE_IDENTIFIER = sean.AQITests;
				PRODUCT_NAME = "$(TARGET_NAME)";
				SWIFT_VERSION = 5.0;
				TARGETED_DEVICE_FAMILY = "1,2";
				TEST_HOST = "$(BUILT_PRODUCTS_DIR)/AQI.app/AQI";
			};
			name = Release;
		};
/* End XCBuildConfiguration section */

/* Begin XCConfigurationList section */
		142B2B5F2282A13A00576450 /* Build configuration list for PBXProject "AQI" */ = {
			isa = XCConfigurationList;
			buildConfigurations = (
				142B2B7F2282A13C00576450 /* Debug */,
				142B2B802282A13C00576450 /* Release */,
			);
			defaultConfigurationIsVisible = 0;
			defaultConfigurationName = Release;
		};
		142B2B812282A13C00576450 /* Build configuration list for PBXNativeTarget "AQI" */ = {
			isa = XCConfigurationList;
			buildConfigurations = (
				142B2B822282A13C00576450 /* Debug */,
				142B2B832282A13C00576450 /* Release */,
			);
			defaultConfigurationIsVisible = 0;
			defaultConfigurationName = Release;
		};
		142B2B842282A13C00576450 /* Build configuration list for PBXNativeTarget "AQITests" */ = {
			isa = XCConfigurationList;
			buildConfigurations = (
				142B2B852282A13C00576450 /* Debug */,
				142B2B862282A13C00576450 /* Release */,
			);
			defaultConfigurationIsVisible = 0;
			defaultConfigurationName = Release;
		};
/* End XCConfigurationList section */
	};
	rootObject = 142B2B5C2282A13A00576450 /* Project object */;
}
